
Microsoft Visual Studio Solution File, Format Version 12.00
# Visual Studio Version 17
VisualStudioVersion = 17.14.36109.1 d17.14
MinimumVisualStudioVersion = 10.0.40219.1
Project("{FAE04EC0-301F-11D3-BF4B-00C04F79EFBC}") = "RepuestosMSP", "RepuestosMSP.csproj", "{573E8502-1F21-4A7C-8A24-7E932030E8B2}"
EndProject
Global
	GlobalSection(SolutionConfigurationPlatforms) = preSolution
		Debug|Any CPU = Debug|Any CPU
		Release|Any CPU = Release|Any CPU
	EndGlobalSection
	GlobalSection(ProjectConfigurationPlatforms) = postSolution
		{573E8502-1F21-4A7C-8A24-7E932030E8B2}.Debug|Any CPU.ActiveCfg = Debug|Any CPU
		{573E8502-1F21-4A7C-8A24-7E932030E8B2}.Debug|Any CPU.Build.0 = Debug|Any CPU
		{573E8502-1F21-4A7C-8A24-7E932030E8B2}.Release|Any CPU.ActiveCfg = Release|Any CPU
		{573E8502-1F21-4A7C-8A24-7E932030E8B2}.Release|Any CPU.Build.0 = Release|Any CPU
	EndGlobalSection
	GlobalSection(SolutionProperties) = preSolution
		HideSolutionNode = FALSE
	EndGlobalSection
	GlobalSection(ExtensibilityGlobals) = postSolution
		SolutionGuid = {042CA75A-CF08-471A-8EC4-B5B4A99987A8}
	EndGlobalSection
EndGlobal
